
Microsoft Visual Studio Solution File, Format Version 12.00
# Visual Studio Version 17
VisualStudioVersion = 17.13.35806.99
MinimumVisualStudioVersion = 10.0.40219.1
Project("{FAE04EC0-301F-11D3-BF4B-00C04F79EFBC}") = "AT", "AT\AT.csproj", "{9D3877FA-E6AD-45CA-B7D5-C1AD4EC109FF}"
EndProject
Project("{FAE04EC0-301F-11D3-BF4B-00C04F79EFBC}") = "AT02", "AT02\AT02.csproj", "{F30241E7-DB68-44BF-AE10-2046F858FBE4}"
EndProject
Project("{FAE04EC0-301F-11D3-BF4B-00C04F79EFBC}") = "AT03", "AT03\AT03.csproj", "{653AF2F6-A3FB-48EC-96B5-2A41701B8D21}"
EndProject
Project("{FAE04EC0-301F-11D3-BF4B-00C04F79EFBC}") = "AT04", "AT04\AT04.csproj", "{578A6B84-DEE8-4753-8B5B-0A61893278D8}"
EndProject
Project("{FAE04EC0-301F-11D3-BF4B-00C04F79EFBC}") = "AT05", "AT05\AT05.csproj", "{F6BCFCD4-1211-44B9-B9EC-3A49D0762C71}"
EndProject
Project("{FAE04EC0-301F-11D3-BF4B-00C04F79EFBC}") = "AT06", "AT06\AT06.csproj", "{A9DDCFEC-9696-4D5E-9092-917425AE5467}"
EndProject
Project("{FAE04EC0-301F-11D3-BF4B-00C04F79EFBC}") = "AT07", "AT07\AT07.csproj", "{A9574057-62BB-4F9C-A076-4ED1C0E7E827}"
EndProject
Project("{FAE04EC0-301F-11D3-BF4B-00C04F79EFBC}") = "AT08", "AT08\AT08.csproj", "{9C9FBC52-1A97-47CE-8834-9B0AA27D292F}"
EndProject
Project("{FAE04EC0-301F-11D3-BF4B-00C04F79EFBC}") = "AT09", "AT09\AT09.csproj", "{18491D1F-16E2-4534-A460-5056248E972E}"
EndProject
Project("{FAE04EC0-301F-11D3-BF4B-00C04F79EFBC}") = "AT10", "AT10\AT10.csproj", "{43E30BCB-553A-4F40-9209-1094FCDA652E}"
EndProject
Project("{FAE04EC0-301F-11D3-BF4B-00C04F79EFBC}") = "AT11", "AT11-12\AT11.csproj", "{AE645EF0-DE31-48EF-85BC-22D960A5E864}"
EndProject
Project("{FAE04EC0-301F-11D3-BF4B-00C04F79EFBC}") = "AT12", "AT12\AT12.csproj", "{E5F5C9E9-33EB-40E4-A5A4-4CEE5A751D24}"
EndProject
Project("{FAE04EC0-301F-11D3-BF4B-00C04F79EFBC}") = "AT09b2", "AT09b2\AT09b2.csproj", "{B485FB7D-8E77-4D19-BF1A-1DEB704CC5FC}"
EndProject
Global
	GlobalSection(SolutionConfigurationPlatforms) = preSolution
		Debug|Any CPU = Debug|Any CPU
		Release|Any CPU = Release|Any CPU
	EndGlobalSection
	GlobalSection(ProjectConfigurationPlatforms) = postSolution
		{9D3877FA-E6AD-45CA-B7D5-C1AD4EC109FF}.Debug|Any CPU.ActiveCfg = Debug|Any CPU
		{9D3877FA-E6AD-45CA-B7D5-C1AD4EC109FF}.Debug|Any CPU.Build.0 = Debug|Any CPU
		{9D3877FA-E6AD-45CA-B7D5-C1AD4EC109FF}.Release|Any CPU.ActiveCfg = Release|Any CPU
		{9D3877FA-E6AD-45CA-B7D5-C1AD4EC109FF}.Release|Any CPU.Build.0 = Release|Any CPU
		{F30241E7-DB68-44BF-AE10-2046F858FBE4}.Debug|Any CPU.ActiveCfg = Debug|Any CPU
		{F30241E7-DB68-44BF-AE10-2046F858FBE4}.Debug|Any CPU.Build.0 = Debug|Any CPU
		{F30241E7-DB68-44BF-AE10-2046F858FBE4}.Release|Any CPU.ActiveCfg = Release|Any CPU
		{F30241E7-DB68-44BF-AE10-2046F858FBE4}.Release|Any CPU.Build.0 = Release|Any CPU
		{653AF2F6-A3FB-48EC-96B5-2A41701B8D21}.Debug|Any CPU.ActiveCfg = Debug|Any CPU
		{653AF2F6-A3FB-48EC-96B5-2A41701B8D21}.Debug|Any CPU.Build.0 = Debug|Any CPU
		{653AF2F6-A3FB-48EC-96B5-2A41701B8D21}.Release|Any CPU.ActiveCfg = Release|Any CPU
		{653AF2F6-A3FB-48EC-96B5-2A41701B8D21}.Release|Any CPU.Build.0 = Release|Any CPU
		{578A6B84-DEE8-4753-8B5B-0A61893278D8}.Debug|Any CPU.ActiveCfg = Debug|Any CPU
		{578A6B84-DEE8-4753-8B5B-0A61893278D8}.Debug|Any CPU.Build.0 = Debug|Any CPU
		{578A6B84-DEE8-4753-8B5B-0A61893278D8}.Release|Any CPU.ActiveCfg = Release|Any CPU
		{578A6B84-DEE8-4753-8B5B-0A61893278D8}.Release|Any CPU.Build.0 = Release|Any CPU
		{F6BCFCD4-1211-44B9-B9EC-3A49D0762C71}.Debug|Any CPU.ActiveCfg = Debug|Any CPU
		{F6BCFCD4-1211-44B9-B9EC-3A49D0762C71}.Debug|Any CPU.Build.0 = Debug|Any CPU
		{F6BCFCD4-1211-44B9-B9EC-3A49D0762C71}.Release|Any CPU.ActiveCfg = Release|Any CPU
		{F6BCFCD4-1211-44B9-B9EC-3A49D0762C71}.Release|Any CPU.Build.0 = Release|Any CPU
		{A9DDCFEC-9696-4D5E-9092-917425AE5467}.Debug|Any CPU.ActiveCfg = Debug|Any CPU
		{A9DDCFEC-9696-4D5E-9092-917425AE5467}.Debug|Any CPU.Build.0 = Debug|Any CPU
		{A9DDCFEC-9696-4D5E-9092-917425AE5467}.Release|Any CPU.ActiveCfg = Release|Any CPU
		{A9DDCFEC-9696-4D5E-9092-917425AE5467}.Release|Any CPU.Build.0 = Release|Any CPU
		{A9574057-62BB-4F9C-A076-4ED1C0E7E827}.Debug|Any CPU.ActiveCfg = Debug|Any CPU
		{A9574057-62BB-4F9C-A076-4ED1C0E7E827}.Debug|Any CPU.Build.0 = Debug|Any CPU
		{A9574057-62BB-4F9C-A076-4ED1C0E7E827}.Release|Any CPU.ActiveCfg = Release|Any CPU
		{A9574057-62BB-4F9C-A076-4ED1C0E7E827}.Release|Any CPU.Build.0 = Release|Any CPU
		{9C9FBC52-1A97-47CE-8834-9B0AA27D292F}.Debug|Any CPU.ActiveCfg = Debug|Any CPU
		{9C9FBC52-1A97-47CE-8834-9B0AA27D292F}.Debug|Any CPU.Build.0 = Debug|Any CPU
		{9C9FBC52-1A97-47CE-8834-9B0AA27D292F}.Release|Any CPU.ActiveCfg = Release|Any CPU
		{9C9FBC52-1A97-47CE-8834-9B0AA27D292F}.Release|Any CPU.Build.0 = Release|Any CPU
		{18491D1F-16E2-4534-A460-5056248E972E}.Debug|Any CPU.ActiveCfg = Debug|Any CPU
		{18491D1F-16E2-4534-A460-5056248E972E}.Debug|Any CPU.Build.0 = Debug|Any CPU
		{18491D1F-16E2-4534-A460-5056248E972E}.Release|Any CPU.ActiveCfg = Release|Any CPU
		{18491D1F-16E2-4534-A460-5056248E972E}.Release|Any CPU.Build.0 = Release|Any CPU
		{43E30BCB-553A-4F40-9209-1094FCDA652E}.Debug|Any CPU.ActiveCfg = Debug|Any CPU
		{43E30BCB-553A-4F40-9209-1094FCDA652E}.Debug|Any CPU.Build.0 = Debug|Any CPU
		{43E30BCB-553A-4F40-9209-1094FCDA652E}.Release|Any CPU.ActiveCfg = Release|Any CPU
		{43E30BCB-553A-4F40-9209-1094FCDA652E}.Release|Any CPU.Build.0 = Release|Any CPU
		{AE645EF0-DE31-48EF-85BC-22D960A5E864}.Debug|Any CPU.ActiveCfg = Debug|Any CPU
		{AE645EF0-DE31-48EF-85BC-22D960A5E864}.Debug|Any CPU.Build.0 = Debug|Any CPU
		{AE645EF0-DE31-48EF-85BC-22D960A5E864}.Release|Any CPU.ActiveCfg = Release|Any CPU
		{AE645EF0-DE31-48EF-85BC-22D960A5E864}.Release|Any CPU.Build.0 = Release|Any CPU
		{E5F5C9E9-33EB-40E4-A5A4-4CEE5A751D24}.Debug|Any CPU.ActiveCfg = Debug|Any CPU
		{E5F5C9E9-33EB-40E4-A5A4-4CEE5A751D24}.Debug|Any CPU.Build.0 = Debug|Any CPU
		{E5F5C9E9-33EB-40E4-A5A4-4CEE5A751D24}.Release|Any CPU.ActiveCfg = Release|Any CPU
		{E5F5C9E9-33EB-40E4-A5A4-4CEE5A751D24}.Release|Any CPU.Build.0 = Release|Any CPU
		{B485FB7D-8E77-4D19-BF1A-1DEB704CC5FC}.Debug|Any CPU.ActiveCfg = Debug|Any CPU
		{B485FB7D-8E77-4D19-BF1A-1DEB704CC5FC}.Debug|Any CPU.Build.0 = Debug|Any CPU
		{B485FB7D-8E77-4D19-BF1A-1DEB704CC5FC}.Release|Any CPU.ActiveCfg = Release|Any CPU
		{B485FB7D-8E77-4D19-BF1A-1DEB704CC5FC}.Release|Any CPU.Build.0 = Release|Any CPU
	EndGlobalSection
	GlobalSection(SolutionProperties) = preSolution
		HideSolutionNode = FALSE
	EndGlobalSection
	GlobalSection(ExtensibilityGlobals) = postSolution
		SolutionGuid = {84AC990E-0781-40C1-8690-3A315B2208CC}
	EndGlobalSection
EndGlobal
